{
  "name": "personal-site-model",
  "version": "1.0.0",
  "lockfileVersion": 1,
  "requires": true,
  "dependencies": {
    "@types/prop-types": {
      "version": "15.5.8",
      "resolved": "https://registry.npmjs.org/@types/prop-types/-/prop-types-15.5.8.tgz",
      "integrity": "sha512-3AQoUxQcQtLHsK25wtTWIoIpgYjH3vSDroZOUr7PpCHw/jLY1RB9z9E8dBT/OSmwStVgkRNvdh+ZHNiomRieaw=="
    },
    "@types/react": {
      "version": "16.7.21",
      "resolved": "https://registry.npmjs.org/@types/react/-/react-16.7.21.tgz",
      "integrity": "sha512-8BPxwygC83LgaIjOVVLrzB4mpP2u1ih01fbfy76L3h9OgKN+fNyMVPXj/0mGpWnxImjiM/2lqb3YOeT2Ca+NYQ==",
      "requires": {
        "@types/prop-types": "15.5.8",
        "csstype": "2.6.1"
      }
    },
    "csstype": {
      "version": "2.6.1",
      "resolved": "https://registry.npmjs.org/csstype/-/csstype-2.6.1.tgz",
      "integrity": "sha512-wv7IRqCGsL7WGKB8gPvrl+++HlFM9kxAM6jL1EXNPNTshEJYilMkbfS2SnuHha77uosp/YVK0wAp2jmlBzn1tg=="
    },
    "grraf": {
      "version": "1.0.8",
      "resolved": "https://registry.npmjs.org/grraf/-/grraf-1.0.8.tgz",
      "integrity": "sha512-0gy50w671nLP//3ip+49wcwkztCxjLdT7UAFJjvqYN7MEC5A7HpvED4LGKTbSYnNhzkVxY7qOCO0vh1w1Z5Lqw=="
    },
    "typescript": {
      "version": "3.2.4",
      "resolved": "https://registry.npmjs.org/typescript/-/typescript-3.2.4.tgz",
      "integrity": "sha512-0RNDbSdEokBeEAkgNbxJ+BLwSManFy9TeXz8uW+48j/xhEXv1ePME60olyzw2XzUqUBNAYFeJadIqAgNqIACwg==",
      "dev": true
    }
  }
}
